
Microsoft Visual Studio Solution File, Format Version 12.00
Project("{FAE04EC0-301F-11D3-BF4B-00C04F79EFBC}") = "PhoneParty", "PhoneParty\PhoneParty.csproj", "{CEA14A23-4F3D-4D69-B9A0-5558F4C909CF}"
EndProject
Project("{FAE04EC0-301F-11D3-BF4B-00C04F79EFBC}") = "PhonePartyTests", "PhonePartyTests\PhonePartyTests.csproj", "{319D5AF2-93D7-41A6-8F52-7967F8EAAAF2}"
EndProject
Global
	GlobalSection(SolutionConfigurationPlatforms) = preSolution
		Debug|Any CPU = Debug|Any CPU
		Release|Any CPU = Release|Any CPU
	EndGlobalSection
	GlobalSection(ProjectConfigurationPlatforms) = postSolution
		{CEA14A23-4F3D-4D69-B9A0-5558F4C909CF}.Debug|Any CPU.ActiveCfg = Debug|Any CPU
		{CEA14A23-4F3D-4D69-B9A0-5558F4C909CF}.Debug|Any CPU.Build.0 = Debug|Any CPU
		{CEA14A23-4F3D-4D69-B9A0-5558F4C909CF}.Release|Any CPU.ActiveCfg = Release|Any CPU
		{CEA14A23-4F3D-4D69-B9A0-5558F4C909CF}.Release|Any CPU.Build.0 = Release|Any CPU
		{319D5AF2-93D7-41A6-8F52-7967F8EAAAF2}.Debug|Any CPU.ActiveCfg = Debug|Any CPU
		{319D5AF2-93D7-41A6-8F52-7967F8EAAAF2}.Debug|Any CPU.Build.0 = Debug|Any CPU
		{319D5AF2-93D7-41A6-8F52-7967F8EAAAF2}.Release|Any CPU.ActiveCfg = Release|Any CPU
		{319D5AF2-93D7-41A6-8F52-7967F8EAAAF2}.Release|Any CPU.Build.0 = Release|Any CPU
	EndGlobalSection
EndGlobal
